{
  "version": "5",
  "redirects": {
    "https://deno.land/x/is_docker/mod.ts": "https://deno.land/x/is_docker@v2.0.0/mod.ts"
  },
  "remote": {
    "https://deno.land/std@0.106.0/path/_constants.ts": "1247fee4a79b70c89f23499691ef169b41b6ccf01887a0abd131009c5581b853",
    "https://deno.land/std@0.106.0/path/_util.ts": "2e06a3b9e79beaf62687196bd4b60a4c391d862cfa007a20fc3a39f778ba073b",
    "https://deno.land/std@0.106.0/path/posix.ts": "b81974c768d298f8dcd2c720229639b3803ca4a241fa9a355c762fa2bc5ef0c1",
    "https://deno.land/std@0.170.0/_util/asserts.ts": "d0844e9b62510f89ce1f9878b046f6a57bf88f208a10304aab50efcb48365272",
    "https://deno.land/std@0.170.0/_util/os.ts": "8a33345f74990e627b9dfe2de9b040004b08ea5146c7c9e8fe9a29070d193934",
    "https://deno.land/std@0.170.0/encoding/base64.ts": "8605e018e49211efc767686f6f687827d7f5fd5217163e981d8d693105640d7a",
    "https://deno.land/std@0.170.0/fmt/colors.ts": "03ad95e543d2808bc43c17a3dd29d25b43d0f16287fe562a0be89bf632454a12",
    "https://deno.land/std@0.170.0/path/_constants.ts": "df1db3ffa6dd6d1252cc9617e5d72165cd2483df90e93833e13580687b6083c3",
    "https://deno.land/std@0.170.0/path/_interface.ts": "ee3b431a336b80cf445441109d089b70d87d5e248f4f90ff906820889ecf8d09",
    "https://deno.land/std@0.170.0/path/_util.ts": "d16be2a16e1204b65f9d0dfc54a9bc472cafe5f4a190b3c8471ec2016ccd1677",
    "https://deno.land/std@0.170.0/path/common.ts": "bee563630abd2d97f99d83c96c2fa0cca7cee103e8cb4e7699ec4d5db7bd2633",
    "https://deno.land/std@0.170.0/path/glob.ts": "81cc6c72be002cd546c7a22d1f263f82f63f37fe0035d9726aa96fc8f6e4afa1",
    "https://deno.land/std@0.170.0/path/mod.ts": "cf7cec7ac11b7048bb66af8ae03513e66595c279c65cfa12bfc07d9599608b78",
    "https://deno.land/std@0.170.0/path/posix.ts": "b859684bc4d80edfd4cad0a82371b50c716330bed51143d6dcdbe59e6278b30c",
    "https://deno.land/std@0.170.0/path/separator.ts": "fe1816cb765a8068afb3e8f13ad272351c85cbc739af56dacfc7d93d710fe0f9",
    "https://deno.land/std@0.170.0/path/win32.ts": "7cebd2bda6657371adc00061a1d23fdd87bcdf64b4843bb148b0b24c11b40f69",
    "https://deno.land/std@0.203.0/assert/assert.ts": "9a97dad6d98c238938e7540736b826440ad8c1c1e54430ca4c4e623e585607ee",
    "https://deno.land/std@0.203.0/assert/assertion_error.ts": "4d0bde9b374dfbcbe8ac23f54f567b77024fb67dbb1906a852d67fe050d42f56",
    "https://deno.land/std@0.203.0/async/delay.ts": "a6142eb44cdd856b645086af2b811b1fcce08ec06bb7d50969e6a872ee9b8659",
    "https://deno.land/std@0.203.0/bytes/bytes_list.ts": "ecf5098c230b793970f43c06e8f30d70b937c031658365aeb3de9a8ae4d406a3",
    "https://deno.land/std@0.203.0/bytes/concat.ts": "d26d6f3d7922e6d663dacfcd357563b7bf4a380ce5b9c2bbe0c8586662f25ce2",
    "https://deno.land/std@0.203.0/bytes/copy.ts": "939d89e302a9761dcf1d9c937c7711174ed74c59eef40a1e4569a05c9de88219",
    "https://deno.land/std@0.203.0/http/server.ts": "1b2403b3c544c0624ad23e8ca4e05877e65380d9e0d75d04957432d65c3d5f41",
    "https://deno.land/std@0.203.0/io/buf_reader.ts": "f7a43953b05eecbaea56ebcb654035bc91e117d6986a0b2d346c1d0de1d4dac4",
    "https://deno.land/std@0.203.0/io/buf_writer.ts": "c49d1a3114ad936690847abd0dd2e321e96188546d6e8ae9d22b292b8b59f9f8",
    "https://deno.land/std@0.203.0/io/buffer.ts": "2108faba32659e5a390bb59b1b4578ff0120b185d9310dd6fbf3b3a3d5775715",
    "https://deno.land/std@0.203.0/io/copy_n.ts": "d9033f08f23e2fb5378ed21fdd9075301ad6c73127364ba7eaacc5bb7c89064d",
    "https://deno.land/std@0.203.0/io/limited_reader.ts": "fa5dac37d71faf051f5dacee8cf567355d81dbd74f00fdf8c8f6164a16898a29",
    "https://deno.land/std@0.203.0/io/mod.ts": "d5591996b397d713e2927a0ffb883090aeca865064e2e0d4b97b860560d6ddc0",
    "https://deno.land/std@0.203.0/io/multi_reader.ts": "0b875c625f35cf4622eca55f0c25661b23a07f495b5badecfb5b37a77c842847",
    "https://deno.land/std@0.203.0/io/read_delim.ts": "8ea988eac1503c7118bfcf00b4e4a422450548af8e18328f6f599553cfe78012",
    "https://deno.land/std@0.203.0/io/read_int.ts": "d215f009c393d23cb23da539ad57d8846a24118747ea82170b6fbe675bda8b90",
    "https://deno.land/std@0.203.0/io/read_lines.ts": "8d09daed983812ef4cee6e5333633e789673aeecbe109da09d281d4ceaf75d5c",
    "https://deno.land/std@0.203.0/io/read_long.ts": "1e4401aa53b730f92d7de9ddc191d2136bd44858f9590db0d8223d1a4eb96ede",
    "https://deno.land/std@0.203.0/io/read_range.ts": "bb8034041097ad8a0d79b9ce8baf57b1f91de4e7a2f9db457900771c5ab76fdf",
    "https://deno.land/std@0.203.0/io/read_short.ts": "ba7d7756602128f8c58dcf5c367becf1e340e173f5a5f3a82711e9ee083266f1",
    "https://deno.land/std@0.203.0/io/read_string_delim.ts": "2493bbd4505a25eb4f379ad781000fbc25d982ede0f7b3ca3e9926546d166b84",
    "https://deno.land/std@0.203.0/io/slice_long_to_bytes.ts": "bb8f82ac58779e72b0b012735014a89348594645a2d4838a95b89b66ddd08200",
    "https://deno.land/std@0.203.0/io/string_reader.ts": "fa67c001c2753a699a9bda4eb29abfa7c14a7ade09d31d601ad0bb09f1b869f8",
    "https://deno.land/std@0.203.0/io/string_writer.ts": "fd7dafd8e788aada5b4df92367a3f5fc7d0ce2daae6363ca8e317c4d1c40d8be",
    "https://deno.land/x/cliffy@v0.25.7/_utils/distance.ts": "02af166952c7c358ac83beae397aa2fbca4ad630aecfcd38d92edb1ea429f004",
    "https://deno.land/x/cliffy@v0.25.7/ansi/ansi_escapes.ts": "885f61f343223f27b8ec69cc138a54bea30542924eacd0f290cd84edcf691387",
    "https://deno.land/x/cliffy@v0.25.7/ansi/cursor_position.ts": "d537491e31d9c254b208277448eff92ff7f55978c4928dea363df92c0df0813f",
    "https://deno.land/x/cliffy@v0.25.7/ansi/deps.ts": "0f35cb7e91868ce81561f6a77426ea8bc55dc15e13f84c7352f211023af79053",
    "https://deno.land/x/cliffy@v0.25.7/ansi/tty.ts": "8fb064c17ead6cdf00c2d3bc87a9fd17b1167f2daa575c42b516f38bdb604673",
    "https://deno.land/x/cliffy@v0.25.7/keycode/key_code.ts": "c4ab0ffd102c2534962b765ded6d8d254631821bf568143d9352c1cdcf7a24be",
    "https://deno.land/x/cliffy@v0.25.7/keycode/key_codes.ts": "917f0a2da0dbace08cf29bcfdaaa2257da9fe7e705fff8867d86ed69dfb08cfe",
    "https://deno.land/x/cliffy@v0.25.7/prompt/_generic_input.ts": "737cff2de02c8ce35250f5dd79c67b5fc176423191a2abd1f471a90dd725659e",
    "https://deno.land/x/cliffy@v0.25.7/prompt/_generic_list.ts": "79b301bf09eb19f0d070d897f613f78d4e9f93100d7e9a26349ef0bfaa7408d2",
    "https://deno.land/x/cliffy@v0.25.7/prompt/_generic_prompt.ts": "8630ce89a66d83e695922df41721cada52900b515385d86def597dea35971bb2",
    "https://deno.land/x/cliffy@v0.25.7/prompt/checkbox.ts": "e5a5a9adbb86835dffa2afbd23c6f7a8fe25a9d166485388ef25aba5dc3fbf9e",
    "https://deno.land/x/cliffy@v0.25.7/prompt/deps.ts": "4c38ab18e55a792c9a136c1c29b2b6e21ea4820c45de7ef4cf517ce94012c57d",
    "https://deno.land/x/cliffy@v0.25.7/prompt/figures.ts": "26af0fbfe21497220e4b887bb550fab997498cde14703b98e78faf370fbb4b94",
    "https://deno.land/x/is_docker@v2.0.0/mod.ts": "4c8753346f4afbb6c251d7984a609aa84055559cf713fba828939a5d39c95cd0",
    "https://deno.land/x/is_wsl@v1.1.0/mod.ts": "30996b09376652df7a4d495320e918154906ab94325745c1399e13e658dca5da",
    "https://deno.land/x/open@v0.0.6/index.ts": "c7484a7bf2628236f33bbe354520e651811faf1a7cbc3c3f80958ce81b4c42ef"
  },
  "workspace": {
    "dependencies": [
      "jsr:@std/assert@1"
    ]
  }
}
